
Microsoft Visual Studio Solution File, Format Version 12.00
# Visual Studio Version 16
VisualStudioVersion = 16.0.31410.357
MinimumVisualStudioVersion = 10.0.40219.1
Project("{FAE04EC0-301F-11D3-BF4B-00C04F79EFBC}") = "InventoryManagementSytem", "InventoryManagementSytem\InventoryManagementSytem.csproj", "{031B2295-36A5-44A8-9A94-1F94ADB90CBA}"
EndProject
Global
	GlobalSection(SolutionConfigurationPlatforms) = preSolution
		Debug|Any CPU = Debug|Any CPU
		Release|Any CPU = Release|Any CPU
	EndGlobalSection
	GlobalSection(ProjectConfigurationPlatforms) = postSolution
		{031B2295-36A5-44A8-9A94-1F94ADB90CBA}.Debug|Any CPU.ActiveCfg = Debug|Any CPU
		{031B2295-36A5-44A8-9A94-1F94ADB90CBA}.Debug|Any CPU.Build.0 = Debug|Any CPU
		{031B2295-36A5-44A8-9A94-1F94ADB90CBA}.Release|Any CPU.ActiveCfg = Release|Any CPU
		{031B2295-36A5-44A8-9A94-1F94ADB90CBA}.Release|Any CPU.Build.0 = Release|Any CPU
	EndGlobalSection
	GlobalSection(SolutionProperties) = preSolution
		HideSolutionNode = FALSE
	EndGlobalSection
	GlobalSection(ExtensibilityGlobals) = postSolution
		SolutionGuid = {11216290-EF9A-4003-8B1E-BAD277F27534}
	EndGlobalSection
EndGlobal
